{
  "name": "MIT_project",
  "lockfileVersion": 3,
  "requires": true,
  "packages": {
    "": {
      "dependencies": {
        "@heyputer/puter.js": "^2.1.10"
      }
    },
    "node_modules/@heyputer/kv.js": {
      "version": "0.2.1",
      "resolved": "https://registry.npmjs.org/@heyputer/kv.js/-/kv.js-0.2.1.tgz",
      "integrity": "sha512-YhVtzz7ZA/HmuaDvzZZhhUyQWBvp3/TXeY4jULssTdLJwT+tEM4BTYHXttORX+V5auvrYinjj8dNFQnby5T82w==",
      "license": "MIT"
    },
    "node_modules/@heyputer/puter.js": {
      "version": "2.1.10",
      "resolved": "https://registry.npmjs.org/@heyputer/puter.js/-/puter.js-2.1.10.tgz",
      "integrity": "sha512-ntbfnnw5Ze19N3eIh7RzfenmlAb6N/PGWhP/FHVG/AL/gevvi0yATbILHbtN4WCJ51QAJy5WdTJZBG+pRa6b1Q==",
      "license": "Apache-2.0",
      "dependencies": {
        "@heyputer/kv.js": "^0.2.1",
        "@heyputer/putility": "^1.1.1"
      }
    },
    "node_modules/@heyputer/putility": {
      "version": "1.1.1",
      "resolved": "https://registry.npmjs.org/@heyputer/putility/-/putility-1.1.1.tgz",
      "integrity": "sha512-auedlVnHli2o8VtyR3Uj8JjlyaC1OPWHtcTgYdsMF46i+/lHz2iXK47Pwq2J9fdgM6sJX9lGtDZL6T10xJRrOA==",
      "license": "MIT"
    }
  }
}
